
Microsoft Visual Studio Solution File, Format Version 12.00
# Visual Studio Version 16
VisualStudioVersion = 16.0.31424.327
MinimumVisualStudioVersion = 10.0.40219.1
Project("{FAE04EC0-301F-11D3-BF4B-00C04F79EFBC}") = "mstall", "mstall.csproj", "{212F0F00-A564-4930-979F-7DBAEA789DDA}"
EndProject
Global
	GlobalSection(SolutionConfigurationPlatforms) = preSolution
		Debug|Any CPU = Debug|Any CPU
		Release|Any CPU = Release|Any CPU
	EndGlobalSection
	GlobalSection(ProjectConfigurationPlatforms) = postSolution
		{212F0F00-A564-4930-979F-7DBAEA789DDA}.Debug|Any CPU.ActiveCfg = Debug|Any CPU
		{212F0F00-A564-4930-979F-7DBAEA789DDA}.Debug|Any CPU.Build.0 = Debug|Any CPU
		{212F0F00-A564-4930-979F-7DBAEA789DDA}.Release|Any CPU.ActiveCfg = Release|Any CPU
		{212F0F00-A564-4930-979F-7DBAEA789DDA}.Release|Any CPU.Build.0 = Release|Any CPU
	EndGlobalSection
	GlobalSection(SolutionProperties) = preSolution
		HideSolutionNode = FALSE
	EndGlobalSection
	GlobalSection(ExtensibilityGlobals) = postSolution
		SolutionGuid = {4E370DCC-052E-44CE-AA89-622CC2C5B679}
	EndGlobalSection
EndGlobal
